// !$*UTF8*$!
{
	archiveVersion = 1;
	classes = {
	};
	objectVersion = 46;
	objects = {

/* Begin PBXBuildFile section */
		BE658BCA1EDD4BE0003C636C /* main.m in Sources */ = {isa = PBXBuildFile; fileRef = BE658BC91EDD4BE0003C636C /* main.m */; };
		BE658BCD1EDD4BE0003C636C /* AppDelegate.m in Sources */ = {isa = PBXBuildFile; fileRef = BE658BCC1EDD4BE0003C636C /* AppDelegate.m */; };
		BE658BD01EDD4BE0003C636C /* ViewController.m in Sources */ = {isa = PBXBuildFile; fileRef = BE658BCF1EDD4BE0003C636C /* ViewController.m */; };
		BE658BD31EDD4BE0003C636C /* Main.storyboard in Resources */ = {isa = PBXBuildFile; fileRef = BE658BD11EDD4BE0003C636C /* Main.storyboard */; };
		BE658BD51EDD4BE0003C636C /* Assets.xcassets in Resources */ = {isa = PBXBuildFile; fileRef = BE658BD41EDD4BE0003C636C /* Assets.xcassets */; };
		BE658BD81EDD4BE0003C636C /* LaunchScreen.storyboard in Resources */ = {isa = PBXBuildFile; fileRef = BE658BD61EDD4BE0003C636C /* LaunchScreen.storyboard */; };
		BE658BE31EDD4BE0003C636C /* MYCustomKeyboardTests.m in Sources */ = {isa = PBXBuildFile; fileRef = BE658BE21EDD4BE0003C636C /* MYCustomKeyboardTests.m */; };
		BE658BEE1EDD4BE0003C636C /* MYCustomKeyboardUITests.m in Sources */ = {isa = PBXBuildFile; fileRef = BE658BED1EDD4BE0003C636C /* MYCustomKeyboardUITests.m */; };
		BE658C011EDD4D16003C636C /* UIView+CWNView.m in Sources */ = {isa = PBXBuildFile; fileRef = BE658C001EDD4D16003C636C /* UIView+CWNView.m */; };
		BE658C081EDD4E6D003C636C /* MYCustomKeyboard.m in Sources */ = {isa = PBXBuildFile; fileRef = BE658C031EDD4E6D003C636C /* MYCustomKeyboard.m */; };
		BE658C091EDD4E6D003C636C /* MYCustomKeyboard.xib in Resources */ = {isa = PBXBuildFile; fileRef = BE658C041EDD4E6D003C636C /* MYCustomKeyboard.xib */; };
		BE658C0A1EDD4E6D003C636C /* MYStockKeyboardView.m in Sources */ = {isa = PBXBuildFile; fileRef = BE658C061EDD4E6D003C636C /* MYStockKeyboardView.m */; };
		BE658C0B1EDD4E6D003C636C /* MYKeyboard.xcassets in Resources */ = {isa = PBXBuildFile; fileRef = BE658C071EDD4E6D003C636C /* MYKeyboard.xcassets */; };
		BED91C1C1EE156EB0061D9F1 /* 1.png in Resources */ = {isa = PBXBuildFile; fileRef = BED91BFC1EE156EB0061D9F1 /* 1.png */; };
		BED91C1D1EE156EB0061D9F1 /* 2.png in Resources */ = {isa = PBXBuildFile; fileRef = BED91BFD1EE156EB0061D9F1 /* 2.png */; };
		BED91C1E1EE156EB0061D9F1 /* 3.png in Resources */ = {isa = PBXBuildFile; fileRef = BED91BFE1EE156EB0061D9F1 /* 3.png */; };
		BED91C1F1EE156EB0061D9F1 /* 4.png in Resources */ = {isa = PBXBuildFile; fileRef = BED91BFF1EE156EB0061D9F1 /* 4.png */; };
		BED91C201EE156EB0061D9F1 /* 5.png in Resources */ = {isa = PBXBuildFile; fileRef = BED91C001EE156EB0061D9F1 /* 5.png */; };
		BED91C211EE156EB0061D9F1 /* 6.png in Resources */ = {isa = PBXBuildFile; fileRef = BED91C011EE156EB0061D9F1 /* 6.png */; };
		BED91C221EE156EB0061D9F1 /* 7.png in Resources */ = {isa = PBXBuildFile; fileRef = BED91C021EE156EB0061D9F1 /* 7.png */; };
		BED91C231EE156EB0061D9F1 /* 8.png in Resources */ = {isa = PBXBuildFile; fileRef = BED91C031EE156EB0061D9F1 /* 8.png */; };
		BED91C241EE156EB0061D9F1 /* 9.png in Resources */ = {isa = PBXBuildFile; fileRef = BED91C041EE156EB0061D9F1 /* 9.png */; };
		BED91C251EE156EB0061D9F1 /* 10.png in Resources */ = {isa = PBXBuildFile; fileRef = BED91C051EE156EB0061D9F1 /* 10.png */; };
		BED91C261EE156EB0061D9F1 /* 11.png in Resources */ = {isa = PBXBuildFile; fileRef = BED91C061EE156EB0061D9F1 /* 11.png */; };
		BED91C271EE156EB0061D9F1 /* 12.png in Resources */ = {isa = PBXBuildFile; fileRef = BED91C071EE156EB0061D9F1 /* 12.png */; };
		BED91C281EE156EB0061D9F1 /* 13.png in Resources */ = {isa = PBXBuildFile; fileRef = BED91C081EE156EB0061D9F1 /* 13.png */; };
		BED91C291EE156EB0061D9F1 /* 14.png in Resources */ = {isa = PBXBuildFile; fileRef = BED91C091EE156EB0061D9F1 /* 14.png */; };
		BED91C2A1EE156EB0061D9F1 /* 15.png in Resources */ = {isa = PBXBuildFile; fileRef = BED91C0A1EE156EB0061D9F1 /* 15.png */; };
		BED91C2B1EE156EB0061D9F1 /* 16.png in Resources */ = {isa = PBXBuildFile; fileRef = BED91C0B1EE156EB0061D9F1 /* 16.png */; };
		BED91C2C1EE156EB0061D9F1 /* 17.png in Resources */ = {isa = PBXBuildFile; fileRef = BED91C0C1EE156EB0061D9F1 /* 17.png */; };
		BED91C2D1EE156EB0061D9F1 /* 18.png in Resources */ = {isa = PBXBuildFile; fileRef = BED91C0D1EE156EB0061D9F1 /* 18.png */; };
		BED91C2E1EE156EB0061D9F1 /* 19.png in Resources */ = {isa = PBXBuildFile; fileRef = BED91C0E1EE156EB0061D9F1 /* 19.png */; };
		BED91C2F1EE156EB0061D9F1 /* 20.png in Resources */ = {isa = PBXBuildFile; fileRef = BED91C0F1EE156EB0061D9F1 /* 20.png */; };
		BED91C301EE156EB0061D9F1 /* 21.png in Resources */ = {isa = PBXBuildFile; fileRef = BED91C101EE156EB0061D9F1 /* 21.png */; };
		BED91C311EE156EB0061D9F1 /* 22.png in Resources */ = {isa = PBXBuildFile; fileRef = BED91C111EE156EB0061D9F1 /* 22.png */; };
		BED91C321EE156EB0061D9F1 /* 23.png in Resources */ = {isa = PBXBuildFile; fileRef = BED91C121EE156EB0061D9F1 /* 23.png */; };
		BED91C331EE156EB0061D9F1 /* 24.png in Resources */ = {isa = PBXBuildFile; fileRef = BED91C131EE156EB0061D9F1 /* 24.png */; };
		BED91C341EE156EB0061D9F1 /* 25.png in Resources */ = {isa = PBXBuildFile; fileRef = BED91C141EE156EB0061D9F1 /* 25.png */; };
		BED91C351EE156EB0061D9F1 /* 26.png in Resources */ = {isa = PBXBuildFile; fileRef = BED91C151EE156EB0061D9F1 /* 26.png */; };
		BED91C361EE156EB0061D9F1 /* 27.png in Resources */ = {isa = PBXBuildFile; fileRef = BED91C161EE156EB0061D9F1 /* 27.png */; };
		BED91C371EE156EB0061D9F1 /* 28.png in Resources */ = {isa = PBXBuildFile; fileRef = BED91C171EE156EB0061D9F1 /* 28.png */; };
		BED91C381EE156EB0061D9F1 /* 29.png in Resources */ = {isa = PBXBuildFile; fileRef = BED91C181EE156EB0061D9F1 /* 29.png */; };
		BED91C391EE156EB0061D9F1 /* 30.png in Resources */ = {isa = PBXBuildFile; fileRef = BED91C191EE156EB0061D9F1 /* 30.png */; };
		BED91C3A1EE156EB0061D9F1 /* 31.png in Resources */ = {isa = PBXBuildFile; fileRef = BED91C1A1EE156EB0061D9F1 /* 31.png */; };
		BED91C3B1EE156EB0061D9F1 /* 32.png in Resources */ = {isa = PBXBuildFile; fileRef = BED91C1B1EE156EB0061D9F1 /* 32.png */; };
		D67376F91EE4A3F900572E7A /* Emoji.plist in Resources */ = {isa = PBXBuildFile; fileRef = D67376F81EE4A3F900572E7A /* Emoji.plist */; };
		D67376FC1EE4AEB400572E7A /* MYEmojiTextAttachment.m in Sources */ = {isa = PBXBuildFile; fileRef = D67376FB1EE4AEB400572E7A /* MYEmojiTextAttachment.m */; };
/* End PBXBuildFile section */

/* Begin PBXContainerItemProxy section */
		BE658BDF1EDD4BE0003C636C /* PBXContainerItemProxy */ = {
			isa = PBXContainerItemProxy;
			containerPortal = BE658BBD1EDD4BE0003C636C /* Project object */;
			proxyType = 1;
			remoteGlobalIDString = BE658BC41EDD4BE0003C636C;
			remoteInfo = MYCustomKeyboard;
		};
		BE658BEA1EDD4BE0003C636C /* PBXContainerItemProxy */ = {
			isa = PBXContainerItemProxy;
			containerPortal = BE658BBD1EDD4BE0003C636C /* Project object */;
			proxyType = 1;
			remoteGlobalIDString = BE658BC41EDD4BE0003C636C;
			remoteInfo = MYCustomKeyboard;
		};
/* End PBXContainerItemProxy section */

/* Begin PBXCopyFilesBuildPhase section */
		BED91BF81EE136220061D9F1 /* Embed App Extensions */ = {
			isa = PBXCopyFilesBuildPhase;
			buildActionMask = 2147483647;
			dstPath = "";
			dstSubfolderSpec = 13;
			files = (
			);
			name = "Embed App Extensions";
			runOnlyForDeploymentPostprocessing = 0;
		};
/* End PBXCopyFilesBuildPhase section */

/* Begin PBXFileReference section */
		BE658BC51EDD4BE0003C636C /* MYCustomKeyboard.app */ = {isa = PBXFileReference; explicitFileType = wrapper.application; includeInIndex = 0; path = MYCustomKeyboard.app; sourceTree = BUILT_PRODUCTS_DIR; };
		BE658BC91EDD4BE0003C636C /* main.m */ = {isa = PBXFileReference; lastKnownFileType = sourcecode.c.objc; path = main.m; sourceTree = "<group>"; };
		BE658BCB1EDD4BE0003C636C /* AppDelegate.h */ = {isa = PBXFileReference; lastKnownFileType = sourcecode.c.h; path = AppDelegate.h; sourceTree = "<group>"; };
		BE658BCC1EDD4BE0003C636C /* AppDelegate.m */ = {isa = PBXFileReference; lastKnownFileType = sourcecode.c.objc; path = AppDelegate.m; sourceTree = "<group>"; };
		BE658BCE1EDD4BE0003C636C /* ViewController.h */ = {isa = PBXFileReference; lastKnownFileType = sourcecode.c.h; path = ViewController.h; sourceTree = "<group>"; };
		BE658BCF1EDD4BE0003C636C /* ViewController.m */ = {isa = PBXFileReference; lastKnownFileType = sourcecode.c.objc; path = ViewController.m; sourceTree = "<group>"; };
		BE658BD21EDD4BE0003C636C /* Base */ = {isa = PBXFileReference; lastKnownFileType = file.storyboard; name = Base; path = Base.lproj/Main.storyboard; sourceTree = "<group>"; };
		BE658BD41EDD4BE0003C636C /* Assets.xcassets */ = {isa = PBXFileReference; lastKnownFileType = folder.assetcatalog; path = Assets.xcassets; sourceTree = "<group>"; };
		BE658BD71EDD4BE0003C636C /* Base */ = {isa = PBXFileReference; lastKnownFileType = file.storyboard; name = Base; path = Base.lproj/LaunchScreen.storyboard; sourceTree = "<group>"; };
		BE658BD91EDD4BE0003C636C /* Info.plist */ = {isa = PBXFileReference; lastKnownFileType = text.plist.xml; path = Info.plist; sourceTree = "<group>"; };
		BE658BDE1EDD4BE0003C636C /* MYCustomKeyboardTests.xctest */ = {isa = PBXFileReference; explicitFileType = wrapper.cfbundle; includeInIndex = 0; path = MYCustomKeyboardTests.xctest; sourceTree = BUILT_PRODUCTS_DIR; };
		BE658BE21EDD4BE0003C636C /* MYCustomKeyboardTests.m */ = {isa = PBXFileReference; lastKnownFileType = sourcecode.c.objc; path = MYCustomKeyboardTests.m; sourceTree = "<group>"; };
		BE658BE41EDD4BE0003C636C /* Info.plist */ = {isa = PBXFileReference; lastKnownFileType = text.plist.xml; path = Info.plist; sourceTree = "<group>"; };
		BE658BE91EDD4BE0003C636C /* MYCustomKeyboardUITests.xctest */ = {isa = PBXFileReference; explicitFileType = wrapper.cfbundle; includeInIndex = 0; path = MYCustomKeyboardUITests.xctest; sourceTree = BUILT_PRODUCTS_DIR; };
		BE658BED1EDD4BE0003C636C /* MYCustomKeyboardUITests.m */ = {isa = PBXFileReference; lastKnownFileType = sourcecode.c.objc; path = MYCustomKeyboardUITests.m; sourceTree = "<group>"; };
		BE658BEF1EDD4BE0003C636C /* Info.plist */ = {isa = PBXFileReference; lastKnownFileType = text.plist.xml; path = Info.plist; sourceTree = "<group>"; };
		BE658BFF1EDD4D16003C636C /* UIView+CWNView.h */ = {isa = PBXFileReference; fileEncoding = 4; lastKnownFileType = sourcecode.c.h; path = "UIView+CWNView.h"; sourceTree = "<group>"; };
		BE658C001EDD4D16003C636C /* UIView+CWNView.m */ = {isa = PBXFileReference; fileEncoding = 4; lastKnownFileType = sourcecode.c.objc; path = "UIView+CWNView.m"; sourceTree = "<group>"; };
		BE658C021EDD4E6D003C636C /* MYCustomKeyboard.h */ = {isa = PBXFileReference; fileEncoding = 4; lastKnownFileType = sourcecode.c.h; path = MYCustomKeyboard.h; sourceTree = "<group>"; };
		BE658C031EDD4E6D003C636C /* MYCustomKeyboard.m */ = {isa = PBXFileReference; fileEncoding = 4; lastKnownFileType = sourcecode.c.objc; path = MYCustomKeyboard.m; sourceTree = "<group>"; };
		BE658C041EDD4E6D003C636C /* MYCustomKeyboard.xib */ = {isa = PBXFileReference; fileEncoding = 4; lastKnownFileType = file.xib; path = MYCustomKeyboard.xib; sourceTree = "<group>"; };
		BE658C051EDD4E6D003C636C /* MYStockKeyboardView.h */ = {isa = PBXFileReference; fileEncoding = 4; lastKnownFileType = sourcecode.c.h; path = MYStockKeyboardView.h; sourceTree = "<group>"; };
		BE658C061EDD4E6D003C636C /* MYStockKeyboardView.m */ = {isa = PBXFileReference; fileEncoding = 4; lastKnownFileType = sourcecode.c.objc; path = MYStockKeyboardView.m; sourceTree = "<group>"; };
		BE658C071EDD4E6D003C636C /* MYKeyboard.xcassets */ = {isa = PBXFileReference; lastKnownFileType = folder.assetcatalog; path = MYKeyboard.xcassets; sourceTree = "<group>"; };
		BED91BEE1EE136220061D9F1 /* KeyboardViewController.h */ = {isa = PBXFileReference; lastKnownFileType = sourcecode.c.h; path = KeyboardViewController.h; sourceTree = "<group>"; };
		BED91BEF1EE136220061D9F1 /* KeyboardViewController.m */ = {isa = PBXFileReference; lastKnownFileType = sourcecode.c.objc; path = KeyboardViewController.m; sourceTree = "<group>"; };
		BED91BF11EE136220061D9F1 /* Info.plist */ = {isa = PBXFileReference; lastKnownFileType = text.plist.xml; path = Info.plist; sourceTree = "<group>"; };
		BED91BFC1EE156EB0061D9F1 /* 1.png */ = {isa = PBXFileReference; lastKnownFileType = image.png; path = 1.png; sourceTree = "<group>"; };
		BED91BFD1EE156EB0061D9F1 /* 2.png */ = {isa = PBXFileReference; lastKnownFileType = image.png; path = 2.png; sourceTree = "<group>"; };
		BED91BFE1EE156EB0061D9F1 /* 3.png */ = {isa = PBXFileReference; lastKnownFileType = image.png; path = 3.png; sourceTree = "<group>"; };
		BED91BFF1EE156EB0061D9F1 /* 4.png */ = {isa = PBXFileReference; lastKnownFileType = image.png; path = 4.png; sourceTree = "<group>"; };
		BED91C001EE156EB0061D9F1 /* 5.png */ = {isa = PBXFileReference; lastKnownFileType = image.png; path = 5.png; sourceTree = "<group>"; };
		BED91C011EE156EB0061D9F1 /* 6.png */ = {isa = PBXFileReference; lastKnownFileType = image.png; path = 6.png; sourceTree = "<group>"; };
		BED91C021EE156EB0061D9F1 /* 7.png */ = {isa = PBXFileReference; lastKnownFileType = image.png; path = 7.png; sourceTree = "<group>"; };
		BED91C031EE156EB0061D9F1 /* 8.png */ = {isa = PBXFileReference; lastKnownFileType = image.png; path = 8.png; sourceTree = "<group>"; };
		BED91C041EE156EB0061D9F1 /* 9.png */ = {isa = PBXFileReference; lastKnownFileType = image.png; path = 9.png; sourceTree = "<group>"; };
		BED91C051EE156EB0061D9F1 /* 10.png */ = {isa = PBXFileReference; lastKnownFileType = image.png; path = 10.png; sourceTree = "<group>"; };
		BED91C061EE156EB0061D9F1 /* 11.png */ = {isa = PBXFileReference; lastKnownFileType = image.png; path = 11.png; sourceTree = "<group>"; };
		BED91C071EE156EB0061D9F1 /* 12.png */ = {isa = PBXFileReference; lastKnownFileType = image.png; path = 12.png; sourceTree = "<group>"; };
		BED91C081EE156EB0061D9F1 /* 13.png */ = {isa = PBXFileReference; lastKnownFileType = image.png; path = 13.png; sourceTree = "<group>"; };
		BED91C091EE156EB0061D9F1 /* 14.png */ = {isa = PBXFileReference; lastKnownFileType = image.png; path = 14.png; sourceTree = "<group>"; };
		BED91C0A1EE156EB0061D9F1 /* 15.png */ = {isa = PBXFileReference; lastKnownFileType = image.png; path = 15.png; sourceTree = "<group>"; };
		BED91C0B1EE156EB0061D9F1 /* 16.png */ = {isa = PBXFileReference; lastKnownFileType = image.png; path = 16.png; sourceTree = "<group>"; };
		BED91C0C1EE156EB0061D9F1 /* 17.png */ = {isa = PBXFileReference; lastKnownFileType = image.png; path = 17.png; sourceTree = "<group>"; };
		BED91C0D1EE156EB0061D9F1 /* 18.png */ = {isa = PBXFileReference; lastKnownFileType = image.png; path = 18.png; sourceTree = "<group>"; };
		BED91C0E1EE156EB0061D9F1 /* 19.png */ = {isa = PBXFileReference; lastKnownFileType = image.png; path = 19.png; sourceTree = "<group>"; };
		BED91C0F1EE156EB0061D9F1 /* 20.png */ = {isa = PBXFileReference; lastKnownFileType = image.png; path = 20.png; sourceTree = "<group>"; };
		BED91C101EE156EB0061D9F1 /* 21.png */ = {isa = PBXFileReference; lastKnownFileType = image.png; path = 21.png; sourceTree = "<group>"; };
		BED91C111EE156EB0061D9F1 /* 22.png */ = {isa = PBXFileReference; lastKnownFileType = image.png; path = 22.png; sourceTree = "<group>"; };
		BED91C121EE156EB0061D9F1 /* 23.png */ = {isa = PBXFileReference; lastKnownFileType = image.png; path = 23.png; sourceTree = "<group>"; };
		BED91C131EE156EB0061D9F1 /* 24.png */ = {isa = PBXFileReference; lastKnownFileType = image.png; path = 24.png; sourceTree = "<group>"; };
		BED91C141EE156EB0061D9F1 /* 25.png */ = {isa = PBXFileReference; lastKnownFileType = image.png; path = 25.png; sourceTree = "<group>"; };
		BED91C151EE156EB0061D9F1 /* 26.png */ = {isa = PBXFileReference; lastKnownFileType = image.png; path = 26.png; sourceTree = "<group>"; };
		BED91C161EE156EB0061D9F1 /* 27.png */ = {isa = PBXFileReference; lastKnownFileType = image.png; path = 27.png; sourceTree = "<group>"; };
		BED91C171EE156EB0061D9F1 /* 28.png */ = {isa = PBXFileReference; lastKnownFileType = image.png; path = 28.png; sourceTree = "<group>"; };
		BED91C181EE156EB0061D9F1 /* 29.png */ = {isa = PBXFileReference; lastKnownFileType = image.png; path = 29.png; sourceTree = "<group>"; };
		BED91C191EE156EB0061D9F1 /* 30.png */ = {isa = PBXFileReference; lastKnownFileType = image.png; path = 30.png; sourceTree = "<group>"; };
		BED91C1A1EE156EB0061D9F1 /* 31.png */ = {isa = PBXFileReference; lastKnownFileType = image.png; path = 31.png; sourceTree = "<group>"; };
		BED91C1B1EE156EB0061D9F1 /* 32.png */ = {isa = PBXFileReference; lastKnownFileType = image.png; path = 32.png; sourceTree = "<group>"; };
		D67376F81EE4A3F900572E7A /* Emoji.plist */ = {isa = PBXFileReference; fileEncoding = 4; lastKnownFileType = text.plist.xml; path = Emoji.plist; sourceTree = "<group>"; };
		D67376FA1EE4AEB400572E7A /* MYEmojiTextAttachment.h */ = {isa = PBXFileReference; fileEncoding = 4; lastKnownFileType = sourcecode.c.h; path = MYEmojiTextAttachment.h; sourceTree = "<group>"; };
		D67376FB1EE4AEB400572E7A /* MYEmojiTextAttachment.m */ = {isa = PBXFileReference; fileEncoding = 4; lastKnownFileType = sourcecode.c.objc; path = MYEmojiTextAttachment.m; sourceTree = "<group>"; };
/* End PBXFileReference section */

/* Begin PBXFrameworksBuildPhase section */
		BE658BC21EDD4BE0003C636C /* Frameworks */ = {
			isa = PBXFrameworksBuildPhase;
			buildActionMask = 2147483647;
			files = (
			);
			runOnlyForDeploymentPostprocessing = 0;
		};
		BE658BDB1EDD4BE0003C636C /* Frameworks */ = {
			isa = PBXFrameworksBuildPhase;
			buildActionMask = 2147483647;
			files = (
			);
			runOnlyForDeploymentPostprocessing = 0;
		};
		BE658BE61EDD4BE0003C636C /* Frameworks */ = {
			isa = PBXFrameworksBuildPhase;
			buildActionMask = 2147483647;
			files = (
			);
			runOnlyForDeploymentPostprocessing = 0;
		};
/* End PBXFrameworksBuildPhase section */

/* Begin PBXGroup section */
		BE658BBC1EDD4BE0003C636C = {
			isa = PBXGroup;
			children = (
				BE658BC71EDD4BE0003C636C /* MYCustomKeyboard */,
				BE658BE11EDD4BE0003C636C /* MYCustomKeyboardTests */,
				BE658BEC1EDD4BE0003C636C /* MYCustomKeyboardUITests */,
				BED91BED1EE136220061D9F1 /* MYEmojist */,
				BE658BC61EDD4BE0003C636C /* Products */,
			);
			sourceTree = "<group>";
		};
		BE658BC61EDD4BE0003C636C /* Products */ = {
			isa = PBXGroup;
			children = (
				BE658BC51EDD4BE0003C636C /* MYCustomKeyboard.app */,
				BE658BDE1EDD4BE0003C636C /* MYCustomKeyboardTests.xctest */,
				BE658BE91EDD4BE0003C636C /* MYCustomKeyboardUITests.xctest */,
			);
			name = Products;
			sourceTree = "<group>";
		};
		BE658BC71EDD4BE0003C636C /* MYCustomKeyboard */ = {
			isa = PBXGroup;
			children = (
				BE658BFD1EDD4CA6003C636C /* ViewController */,
				BE658BFC1EDD4C9E003C636C /* View */,
				BE658BFB1EDD4C98003C636C /* Model */,
				BE658BFE1EDD4CBA003C636C /* Category */,
				BED91BFC1EE156EB0061D9F1 /* 1.png */,
				BED91BFD1EE156EB0061D9F1 /* 2.png */,
				BED91BFE1EE156EB0061D9F1 /* 3.png */,
				BED91BFF1EE156EB0061D9F1 /* 4.png */,
				BED91C001EE156EB0061D9F1 /* 5.png */,
				BED91C011EE156EB0061D9F1 /* 6.png */,
				BED91C021EE156EB0061D9F1 /* 7.png */,
				BED91C031EE156EB0061D9F1 /* 8.png */,
				BED91C041EE156EB0061D9F1 /* 9.png */,
				BED91C051EE156EB0061D9F1 /* 10.png */,
				BED91C061EE156EB0061D9F1 /* 11.png */,
				BED91C071EE156EB0061D9F1 /* 12.png */,
				BED91C081EE156EB0061D9F1 /* 13.png */,
				BED91C091EE156EB0061D9F1 /* 14.png */,
				BED91C0A1EE156EB0061D9F1 /* 15.png */,
				BED91C0B1EE156EB0061D9F1 /* 16.png */,
				BED91C0C1EE156EB0061D9F1 /* 17.png */,
				BED91C0D1EE156EB0061D9F1 /* 18.png */,
				BED91C0E1EE156EB0061D9F1 /* 19.png */,
				BED91C0F1EE156EB0061D9F1 /* 20.png */,
				BED91C101EE156EB0061D9F1 /* 21.png */,
				BED91C111EE156EB0061D9F1 /* 22.png */,
				BED91C121EE156EB0061D9F1 /* 23.png */,
				BED91C131EE156EB0061D9F1 /* 24.png */,
				BED91C141EE156EB0061D9F1 /* 25.png */,
				BED91C151EE156EB0061D9F1 /* 26.png */,
				BED91C161EE156EB0061D9F1 /* 27.png */,
				BED91C171EE156EB0061D9F1 /* 28.png */,
				BED91C181EE156EB0061D9F1 /* 29.png */,
				BED91C191EE156EB0061D9F1 /* 30.png */,
				BED91C1A1EE156EB0061D9F1 /* 31.png */,
				BED91C1B1EE156EB0061D9F1 /* 32.png */,
				D67376F81EE4A3F900572E7A /* Emoji.plist */,
				BE658BCB1EDD4BE0003C636C /* AppDelegate.h */,
				BE658BCC1EDD4BE0003C636C /* AppDelegate.m */,
				BE658BD11EDD4BE0003C636C /* Main.storyboard */,
				BE658BD41EDD4BE0003C636C /* Assets.xcassets */,
				BE658BD61EDD4BE0003C636C /* LaunchScreen.storyboard */,
				BE658BD91EDD4BE0003C636C /* Info.plist */,
				BE658BC81EDD4BE0003C636C /* Supporting Files */,
			);
			path = MYCustomKeyboard;
			sourceTree = "<group>";
		};
		BE658BC81EDD4BE0003C636C /* Supporting Files */ = {
			isa = PBXGroup;
			children = (
				BE658BC91EDD4BE0003C636C /* main.m */,
			);
			name = "Supporting Files";
			sourceTree = "<group>";
		};
		BE658BE11EDD4BE0003C636C /* MYCustomKeyboardTests */ = {
			isa = PBXGroup;
			children = (
				BE658BE21EDD4BE0003C636C /* MYCustomKeyboardTests.m */,
				BE658BE41EDD4BE0003C636C /* Info.plist */,
			);
			path = MYCustomKeyboardTests;
			sourceTree = "<group>";
		};
		BE658BEC1EDD4BE0003C636C /* MYCustomKeyboardUITests */ = {
			isa = PBXGroup;
			children = (
				BE658BED1EDD4BE0003C636C /* MYCustomKeyboardUITests.m */,
				BE658BEF1EDD4BE0003C636C /* Info.plist */,
			);
			path = MYCustomKeyboardUITests;
			sourceTree = "<group>";
		};
		BE658BFB1EDD4C98003C636C /* Model */ = {
			isa = PBXGroup;
			children = (
				D67376FA1EE4AEB400572E7A /* MYEmojiTextAttachment.h */,
				D67376FB1EE4AEB400572E7A /* MYEmojiTextAttachment.m */,
			);
			name = Model;
			sourceTree = "<group>";
		};
		BE658BFC1EDD4C9E003C636C /* View */ = {
			isa = PBXGroup;
			children = (
				BE658C021EDD4E6D003C636C /* MYCustomKeyboard.h */,
				BE658C031EDD4E6D003C636C /* MYCustomKeyboard.m */,
				BE658C041EDD4E6D003C636C /* MYCustomKeyboard.xib */,
				BE658C051EDD4E6D003C636C /* MYStockKeyboardView.h */,
				BE658C061EDD4E6D003C636C /* MYStockKeyboardView.m */,
				BE658C071EDD4E6D003C636C /* MYKeyboard.xcassets */,
			);
			name = View;
			sourceTree = "<group>";
		};
		BE658BFD1EDD4CA6003C636C /* ViewController */ = {
			isa = PBXGroup;
			children = (
				BE658BCE1EDD4BE0003C636C /* ViewController.h */,
				BE658BCF1EDD4BE0003C636C /* ViewController.m */,
			);
			name = ViewController;
			sourceTree = "<group>";
		};
		BE658BFE1EDD4CBA003C636C /* Category */ = {
			isa = PBXGroup;
			children = (
				BE658BFF1EDD4D16003C636C /* UIView+CWNView.h */,
				BE658C001EDD4D16003C636C /* UIView+CWNView.m */,
			);
			name = Category;
			sourceTree = "<group>";
		};
		BED91BED1EE136220061D9F1 /* MYEmojist */ = {
			isa = PBXGroup;
			children = (
				BED91BEE1EE136220061D9F1 /* KeyboardViewController.h */,
				BED91BEF1EE136220061D9F1 /* KeyboardViewController.m */,
				BED91BF11EE136220061D9F1 /* Info.plist */,
			);
			path = MYEmojist;
			sourceTree = "<group>";
		};
/* End PBXGroup section */

/* Begin PBXNativeTarget section */
		BE658BC41EDD4BE0003C636C /* MYCustomKeyboard */ = {
			isa = PBXNativeTarget;
			buildConfigurationList = BE658BF21EDD4BE0003C636C /* Build configuration list for PBXNativeTarget "MYCustomKeyboard" */;
			buildPhases = (
				BE658BC11EDD4BE0003C636C /* Sources */,
				BE658BC21EDD4BE0003C636C /* Frameworks */,
				BE658BC31EDD4BE0003C636C /* Resources */,
				BED91BF81EE136220061D9F1 /* Embed App Extensions */,
			);
			buildRules = (
			);
			dependencies = (
			);
			name = MYCustomKeyboard;
			productName = MYCustomKeyboard;
			productReference = BE658BC51EDD4BE0003C636C /* MYCustomKeyboard.app */;
			productType = "com.apple.product-type.application";
		};
		BE658BDD1EDD4BE0003C636C /* MYCustomKeyboardTests */ = {
			isa = PBXNativeTarget;
			buildConfigurationList = BE658BF51EDD4BE0003C636C /* Build configuration list for PBXNativeTarget "MYCustomKeyboardTests" */;
			buildPhases = (
				BE658BDA1EDD4BE0003C636C /* Sources */,
				BE658BDB1EDD4BE0003C636C /* Frameworks */,
				BE658BDC1EDD4BE0003C636C /* Resources */,
			);
			buildRules = (
			);
			dependencies = (
				BE658BE01EDD4BE0003C636C /* PBXTargetDependency */,
			);
			name = MYCustomKeyboardTests;
			productName = MYCustomKeyboardTests;
			productReference = BE658BDE1EDD4BE0003C636C /* MYCustomKeyboardTests.xctest */;
			productType = "com.apple.product-type.bundle.unit-test";
		};
		BE658BE81EDD4BE0003C636C /* MYCustomKeyboardUITests */ = {
			isa = PBXNativeTarget;
			buildConfigurationList = BE658BF81EDD4BE0003C636C /* Build configuration list for PBXNativeTarget "MYCustomKeyboardUITests" */;
			buildPhases = (
				BE658BE51EDD4BE0003C636C /* Sources */,
				BE658BE61EDD4BE0003C636C /* Frameworks */,
				BE658BE71EDD4BE0003C636C /* Resources */,
			);
			buildRules = (
			);
			dependencies = (
				BE658BEB1EDD4BE0003C636C /* PBXTargetDependency */,
			);
			name = MYCustomKeyboardUITests;
			productName = MYCustomKeyboardUITests;
			productReference = BE658BE91EDD4BE0003C636C /* MYCustomKeyboardUITests.xctest */;
			productType = "com.apple.product-type.bundle.ui-testing";
		};
/* End PBXNativeTarget section */

/* Begin PBXProject section */
		BE658BBD1EDD4BE0003C636C /* Project object */ = {
			isa = PBXProject;
			attributes = {
				LastUpgradeCheck = 0820;
				ORGANIZATIONNAME = chenweinan;
				TargetAttributes = {
					BE658BC41EDD4BE0003C636C = {
						CreatedOnToolsVersion = 8.2.1;
						DevelopmentTeam = P6247WX9N5;
						ProvisioningStyle = Automatic;
					};
					BE658BDD1EDD4BE0003C636C = {
						CreatedOnToolsVersion = 8.2.1;
						DevelopmentTeam = P6247WX9N5;
						ProvisioningStyle = Automatic;
						TestTargetID = BE658BC41EDD4BE0003C636C;
					};
					BE658BE81EDD4BE0003C636C = {
						CreatedOnToolsVersion = 8.2.1;
						DevelopmentTeam = P6247WX9N5;
						ProvisioningStyle = Automatic;
						TestTargetID = BE658BC41EDD4BE0003C636C;
					};
				};
			};
			buildConfigurationList = BE658BC01EDD4BE0003C636C /* Build configuration list for PBXProject "MYCustomKeyboard" */;
			compatibilityVersion = "Xcode 3.2";
			developmentRegion = English;
			hasScannedForEncodings = 0;
			knownRegions = (
				en,
				Base,
			);
			mainGroup = BE658BBC1EDD4BE0003C636C;
			productRefGroup = BE658BC61EDD4BE0003C636C /* Products */;
			projectDirPath = "";
			projectRoot = "";
			targets = (
				BE658BC41EDD4BE0003C636C /* MYCustomKeyboard */,
				BE658BDD1EDD4BE0003C636C /* MYCustomKeyboardTests */,
				BE658BE81EDD4BE0003C636C /* MYCustomKeyboardUITests */,
			);
		};
/* End PBXProject section */

/* Begin PBXResourcesBuildPhase section */
		BE658BC31EDD4BE0003C636C /* Resources */ = {
			isa = PBXResourcesBuildPhase;
			buildActionMask = 2147483647;
			files = (
				BED91C341EE156EB0061D9F1 /* 25.png in Resources */,
				BED91C351EE156EB0061D9F1 /* 26.png in Resources */,
				BED91C2A1EE156EB0061D9F1 /* 15.png in Resources */,
				BED91C311EE156EB0061D9F1 /* 22.png in Resources */,
				BED91C391EE156EB0061D9F1 /* 30.png in Resources */,
				BED91C201EE156EB0061D9F1 /* 5.png in Resources */,
				BED91C221EE156EB0061D9F1 /* 7.png in Resources */,
				BED91C331EE156EB0061D9F1 /* 24.png in Resources */,
				BED91C241EE156EB0061D9F1 /* 9.png in Resources */,
				BED91C2C1EE156EB0061D9F1 /* 17.png in Resources */,
				BE658BD81EDD4BE0003C636C /* LaunchScreen.storyboard in Resources */,
				BED91C1D1EE156EB0061D9F1 /* 2.png in Resources */,
				BED91C1E1EE156EB0061D9F1 /* 3.png in Resources */,
				BED91C261EE156EB0061D9F1 /* 11.png in Resources */,
				BED91C361EE156EB0061D9F1 /* 27.png in Resources */,
				BED91C381EE156EB0061D9F1 /* 29.png in Resources */,
				BED91C2E1EE156EB0061D9F1 /* 19.png in Resources */,
				BED91C231EE156EB0061D9F1 /* 8.png in Resources */,
				BED91C371EE156EB0061D9F1 /* 28.png in Resources */,
				BED91C281EE156EB0061D9F1 /* 13.png in Resources */,
				BED91C2F1EE156EB0061D9F1 /* 20.png in Resources */,
				BED91C291EE156EB0061D9F1 /* 14.png in Resources */,
				BE658BD51EDD4BE0003C636C /* Assets.xcassets in Resources */,
				BED91C211EE156EB0061D9F1 /* 6.png in Resources */,
				BED91C301EE156EB0061D9F1 /* 21.png in Resources */,
				BED91C251EE156EB0061D9F1 /* 10.png in Resources */,
				D67376F91EE4A3F900572E7A /* Emoji.plist in Resources */,
				BED91C3A1EE156EB0061D9F1 /* 31.png in Resources */,
				BED91C3B1EE156EB0061D9F1 /* 32.png in Resources */,
				BED91C271EE156EB0061D9F1 /* 12.png in Resources */,
				BE658BD31EDD4BE0003C636C /* Main.storyboard in Resources */,
				BED91C2D1EE156EB0061D9F1 /* 18.png in Resources */,
				BED91C321EE156EB0061D9F1 /* 23.png in Resources */,
				BE658C091EDD4E6D003C636C /* MYCustomKeyboard.xib in Resources */,
				BED91C2B1EE156EB0061D9F1 /* 16.png in Resources */,
				BE658C0B1EDD4E6D003C636C /* MYKeyboard.xcassets in Resources */,
				BED91C1F1EE156EB0061D9F1 /* 4.png in Resources */,
				BED91C1C1EE156EB0061D9F1 /* 1.png in Resources */,
			);
			runOnlyForDeploymentPostprocessing = 0;
		};
		BE658BDC1EDD4BE0003C636C /* Resources */ = {
			isa = PBXResourcesBuildPhase;
			buildActionMask = 2147483647;
			files = (
			);
			runOnlyForDeploymentPostprocessing = 0;
		};
		BE658BE71EDD4BE0003C636C /* Resources */ = {
			isa = PBXResourcesBuildPhase;
			buildActionMask = 2147483647;
			files = (
			);
			runOnlyForDeploymentPostprocessing = 0;
		};
/* End PBXResourcesBuildPhase section */

/* Begin PBXSourcesBuildPhase section */
		BE658BC11EDD4BE0003C636C /* Sources */ = {
			isa = PBXSourcesBuildPhase;
			buildActionMask = 2147483647;
			files = (
				BE658C0A1EDD4E6D003C636C /* MYStockKeyboardView.m in Sources */,
				BE658BD01EDD4BE0003C636C /* ViewController.m in Sources */,
				BE658BCD1EDD4BE0003C636C /* AppDelegate.m in Sources */,
				BE658C011EDD4D16003C636C /* UIView+CWNView.m in Sources */,
				BE658BCA1EDD4BE0003C636C /* main.m in Sources */,
				BE658C081EDD4E6D003C636C /* MYCustomKeyboard.m in Sources */,
				D67376FC1EE4AEB400572E7A /* MYEmojiTextAttachment.m in Sources */,
			);
			runOnlyForDeploymentPostprocessing = 0;
		};
		BE658BDA1EDD4BE0003C636C /* Sources */ = {
			isa = PBXSourcesBuildPhase;
			buildActionMask = 2147483647;
			files = (
				BE658BE31EDD4BE0003C636C /* MYCustomKeyboardTests.m in Sources */,
			);
			runOnlyForDeploymentPostprocessing = 0;
		};
		BE658BE51EDD4BE0003C636C /* Sources */ = {
			isa = PBXSourcesBuildPhase;
			buildActionMask = 2147483647;
			files = (
				BE658BEE1EDD4BE0003C636C /* MYCustomKeyboardUITests.m in Sources */,
			);
			runOnlyForDeploymentPostprocessing = 0;
		};
/* End PBXSourcesBuildPhase section */

/* Begin PBXTargetDependency section */
		BE658BE01EDD4BE0003C636C /* PBXTargetDependency */ = {
			isa = PBXTargetDependency;
			target = BE658BC41EDD4BE0003C636C /* MYCustomKeyboard */;
			targetProxy = BE658BDF1EDD4BE0003C636C /* PBXContainerItemProxy */;
		};
		BE658BEB1EDD4BE0003C636C /* PBXTargetDependency */ = {
			isa = PBXTargetDependency;
			target = BE658BC41EDD4BE0003C636C /* MYCustomKeyboard */;
			targetProxy = BE658BEA1EDD4BE0003C636C /* PBXContainerItemProxy */;
		};
/* End PBXTargetDependency section */

/* Begin PBXVariantGroup section */
		BE658BD11EDD4BE0003C636C /* Main.storyboard */ = {
			isa = PBXVariantGroup;
			children = (
				BE658BD21EDD4BE0003C636C /* Base */,
			);
			name = Main.storyboard;
			sourceTree = "<group>";
		};
		BE658BD61EDD4BE0003C636C /* LaunchScreen.storyboard */ = {
			isa = PBXVariantGroup;
			children = (
				BE658BD71EDD4BE0003C636C /* Base */,
			);
			name = LaunchScreen.storyboard;
			sourceTree = "<group>";
		};
/* End PBXVariantGroup section */

/* Begin XCBuildConfiguration section */
		BE658BF01EDD4BE0003C636C /* Debug */ = {
			isa = XCBuildConfiguration;
			buildSettings = {
				ALWAYS_SEARCH_USER_PATHS = NO;
				CLANG_ANALYZER_NONNULL = YES;
				CLANG_CXX_LANGUAGE_STANDARD = "gnu++0x";
				CLANG_CXX_LIBRARY = "libc++";
				CLANG_ENABLE_MODULES = YES;
				CLANG_ENABLE_OBJC_ARC = YES;
				CLANG_WARN_BOOL_CONVERSION = YES;
				CLANG_WARN_CONSTANT_CONVERSION = YES;
				CLANG_WARN_DIRECT_OBJC_ISA_USAGE = YES_ERROR;
				CLANG_WARN_DOCUMENTATION_COMMENTS = YES;
				CLANG_WARN_EMPTY_BODY = YES;
				CLANG_WARN_ENUM_CONVERSION = YES;
				CLANG_WARN_INFINITE_RECURSION = YES;
				CLANG_WARN_INT_CONVERSION = YES;
				CLANG_WARN_OBJC_ROOT_CLASS = YES_ERROR;
				CLANG_WARN_SUSPICIOUS_MOVE = YES;
				CLANG_WARN_UNREACHABLE_CODE = YES;
				CLANG_WARN__DUPLICATE_METHOD_MATCH = YES;
				"CODE_SIGN_IDENTITY[sdk=iphoneos*]" = "iPhone Developer";
				COPY_PHASE_STRIP = NO;
				DEBUG_INFORMATION_FORMAT = dwarf;
				ENABLE_STRICT_OBJC_MSGSEND = YES;
				ENABLE_TESTABILITY = YES;
				GCC_C_LANGUAGE_STANDARD = gnu99;
				GCC_DYNAMIC_NO_PIC = NO;
				GCC_NO_COMMON_BLOCKS = YES;
				GCC_OPTIMIZATION_LEVEL = 0;
				GCC_PREPROCESSOR_DEFINITIONS = (
					"DEBUG=1",
					"$(inherited)",
				);
				GCC_WARN_64_TO_32_BIT_CONVERSION = YES;
				GCC_WARN_ABOUT_RETURN_TYPE = YES_ERROR;
				GCC_WARN_UNDECLARED_SELECTOR = YES;
				GCC_WARN_UNINITIALIZED_AUTOS = YES_AGGRESSIVE;
				GCC_WARN_UNUSED_FUNCTION = YES;
				GCC_WARN_UNUSED_VARIABLE = YES;
				IPHONEOS_DEPLOYMENT_TARGET = 10.2;
				MTL_ENABLE_DEBUG_INFO = YES;
				ONLY_ACTIVE_ARCH = YES;
				SDKROOT = iphoneos;
				TARGETED_DEVICE_FAMILY = "1,2";
			};
			name = Debug;
		};
		BE658BF11EDD4BE0003C636C /* Release */ = {
			isa = XCBuildConfiguration;
			buildSettings = {
				ALWAYS_SEARCH_USER_PATHS = NO;
				CLANG_ANALYZER_NONNULL = YES;
				CLANG_CXX_LANGUAGE_STANDARD = "gnu++0x";
				CLANG_CXX_LIBRARY = "libc++";
				CLANG_ENABLE_MODULES = YES;
				CLANG_ENABLE_OBJC_ARC = YES;
				CLANG_WARN_BOOL_CONVERSION = YES;
				CLANG_WARN_CONSTANT_CONVERSION = YES;
				CLANG_WARN_DIRECT_OBJC_ISA_USAGE = YES_ERROR;
				CLANG_WARN_DOCUMENTATION_COMMENTS = YES;
				CLANG_WARN_EMPTY_BODY = YES;
				CLANG_WARN_ENUM_CONVERSION = YES;
				CLANG_WARN_INFINITE_RECURSION = YES;
				CLANG_WARN_INT_CONVERSION = YES;
				CLANG_WARN_OBJC_ROOT_CLASS = YES_ERROR;
				CLANG_WARN_SUSPICIOUS_MOVE = YES;
				CLANG_WARN_UNREACHABLE_CODE = YES;
				CLANG_WARN__DUPLICATE_METHOD_MATCH = YES;
				"CODE_SIGN_IDENTITY[sdk=iphoneos*]" = "iPhone Developer";
				COPY_PHASE_STRIP = NO;
				DEBUG_INFORMATION_FORMAT = "dwarf-with-dsym";
				ENABLE_NS_ASSERTIONS = NO;
				ENABLE_STRICT_OBJC_MSGSEND = YES;
				GCC_C_LANGUAGE_STANDARD = gnu99;
				GCC_NO_COMMON_BLOCKS = YES;
				GCC_WARN_64_TO_32_BIT_CONVERSION = YES;
				GCC_WARN_ABOUT_RETURN_TYPE = YES_ERROR;
				GCC_WARN_UNDECLARED_SELECTOR = YES;
				GCC_WARN_UNINITIALIZED_AUTOS = YES_AGGRESSIVE;
				GCC_WARN_UNUSED_FUNCTION = YES;
				GCC_WARN_UNUSED_VARIABLE = YES;
				IPHONEOS_DEPLOYMENT_TARGET = 10.2;
				MTL_ENABLE_DEBUG_INFO = NO;
				SDKROOT = iphoneos;
				TARGETED_DEVICE_FAMILY = "1,2";
				VALIDATE_PRODUCT = YES;
			};
			name = Release;
		};
		BE658BF31EDD4BE0003C636C /* Debug */ = {
			isa = XCBuildConfiguration;
			buildSettings = {
				ASSETCATALOG_COMPILER_APPICON_NAME = AppIcon;
				DEVELOPMENT_TEAM = P6247WX9N5;
				INFOPLIST_FILE = MYCustomKeyboard/Info.plist;
				IPHONEOS_DEPLOYMENT_TARGET = 8.0;
				LD_RUNPATH_SEARCH_PATHS = "$(inherited) @executable_path/Frameworks";
				PRODUCT_BUNDLE_IDENTIFIER = com.shiDaiWangLou.MYCustomKeyboard;
				PRODUCT_NAME = "$(TARGET_NAME)";
			};
			name = Debug;
		};
		BE658BF41EDD4BE0003C636C /* Release */ = {
			isa = XCBuildConfiguration;
			buildSettings = {
				ASSETCATALOG_COMPILER_APPICON_NAME = AppIcon;
				DEVELOPMENT_TEAM = P6247WX9N5;
				INFOPLIST_FILE = MYCustomKeyboard/Info.plist;
				IPHONEOS_DEPLOYMENT_TARGET = 8.0;
				LD_RUNPATH_SEARCH_PATHS = "$(inherited) @executable_path/Frameworks";
				PRODUCT_BUNDLE_IDENTIFIER = com.shiDaiWangLou.MYCustomKeyboard;
				PRODUCT_NAME = "$(TARGET_NAME)";
			};
			name = Release;
		};
		BE658BF61EDD4BE0003C636C /* Debug */ = {
			isa = XCBuildConfiguration;
			buildSettings = {
				BUNDLE_LOADER = "$(TEST_HOST)";
				DEVELOPMENT_TEAM = P6247WX9N5;
				INFOPLIST_FILE = MYCustomKeyboardTests/Info.plist;
				LD_RUNPATH_SEARCH_PATHS = "$(inherited) @executable_path/Frameworks @loader_path/Frameworks";
				PRODUCT_BUNDLE_IDENTIFIER = com.shiDaiWangLou.MYCustomKeyboardTests;
				PRODUCT_NAME = "$(TARGET_NAME)";
				TEST_HOST = "$(BUILT_PRODUCTS_DIR)/MYCustomKeyboard.app/MYCustomKeyboard";
			};
			name = Debug;
		};
		BE658BF71EDD4BE0003C636C /* Release */ = {
			isa = XCBuildConfiguration;
			buildSettings = {
				BUNDLE_LOADER = "$(TEST_HOST)";
				DEVELOPMENT_TEAM = P6247WX9N5;
				INFOPLIST_FILE = MYCustomKeyboardTests/Info.plist;
				LD_RUNPATH_SEARCH_PATHS = "$(inherited) @executable_path/Frameworks @loader_path/Frameworks";
				PRODUCT_BUNDLE_IDENTIFIER = com.shiDaiWangLou.MYCustomKeyboardTests;
				PRODUCT_NAME = "$(TARGET_NAME)";
				TEST_HOST = "$(BUILT_PRODUCTS_DIR)/MYCustomKeyboard.app/MYCustomKeyboard";
			};
			name = Release;
		};
		BE658BF91EDD4BE0003C636C /* Debug */ = {
			isa = XCBuildConfiguration;
			buildSettings = {
				DEVELOPMENT_TEAM = P6247WX9N5;
				INFOPLIST_FILE = MYCustomKeyboardUITests/Info.plist;
				LD_RUNPATH_SEARCH_PATHS = "$(inherited) @executable_path/Frameworks @loader_path/Frameworks";
				PRODUCT_BUNDLE_IDENTIFIER = com.shiDaiWangLou.MYCustomKeyboardUITests;
				PRODUCT_NAME = "$(TARGET_NAME)";
				TEST_TARGET_NAME = MYCustomKeyboard;
			};
			name = Debug;
		};
		BE658BFA1EDD4BE0003C636C /* Release */ = {
			isa = XCBuildConfiguration;
			buildSettings = {
				DEVELOPMENT_TEAM = P6247WX9N5;
				INFOPLIST_FILE = MYCustomKeyboardUITests/Info.plist;
				LD_RUNPATH_SEARCH_PATHS = "$(inherited) @executable_path/Frameworks @loader_path/Frameworks";
				PRODUCT_BUNDLE_IDENTIFIER = com.shiDaiWangLou.MYCustomKeyboardUITests;
				PRODUCT_NAME = "$(TARGET_NAME)";
				TEST_TARGET_NAME = MYCustomKeyboard;
			};
			name = Release;
		};
/* End XCBuildConfiguration section */

/* Begin XCConfigurationList section */
		BE658BC01EDD4BE0003C636C /* Build configuration list for PBXProject "MYCustomKeyboard" */ = {
			isa = XCConfigurationList;
			buildConfigurations = (
				BE658BF01EDD4BE0003C636C /* Debug */,
				BE658BF11EDD4BE0003C636C /* Release */,
			);
			defaultConfigurationIsVisible = 0;
			defaultConfigurationName = Release;
		};
		BE658BF21EDD4BE0003C636C /* Build configuration list for PBXNativeTarget "MYCustomKeyboard" */ = {
			isa = XCConfigurationList;
			buildConfigurations = (
				BE658BF31EDD4BE0003C636C /* Debug */,
				BE658BF41EDD4BE0003C636C /* Release */,
			);
			defaultConfigurationIsVisible = 0;
			defaultConfigurationName = Release;
		};
		BE658BF51EDD4BE0003C636C /* Build configuration list for PBXNativeTarget "MYCustomKeyboardTests" */ = {
			isa = XCConfigurationList;
			buildConfigurations = (
				BE658BF61EDD4BE0003C636C /* Debug */,
				BE658BF71EDD4BE0003C636C /* Release */,
			);
			defaultConfigurationIsVisible = 0;
			defaultConfigurationName = Release;
		};
		BE658BF81EDD4BE0003C636C /* Build configuration list for PBXNativeTarget "MYCustomKeyboardUITests" */ = {
			isa = XCConfigurationList;
			buildConfigurations = (
				BE658BF91EDD4BE0003C636C /* Debug */,
				BE658BFA1EDD4BE0003C636C /* Release */,
			);
			defaultConfigurationIsVisible = 0;
			defaultConfigurationName = Release;
		};
/* End XCConfigurationList section */
	};
	rootObject = BE658BBD1EDD4BE0003C636C /* Project object */;
}
